// !$*UTF8*$!
{
	archiveVersion = 1;
	classes = {
	};
	objectVersion = 56;
	objects = {

/* Begin PBXBuildFile section */
		0495B3502930927B00BFC9B5 /* FloatingPanel in Frameworks */ = {isa = PBXBuildFile; productRef = 0495B34F2930927B00BFC9B5 /* FloatingPanel */; };
		0495B3522930993D00BFC9B5 /* ContentViewController.swift in Sources */ = {isa = PBXBuildFile; fileRef = 0495B3512930993D00BFC9B5 /* ContentViewController.swift */; };
		04A4D9492923479300705EFD /* AppDelegate.swift in Sources */ = {isa = PBXBuildFile; fileRef = 04A4D9482923479300705EFD /* AppDelegate.swift */; };
		04A4D94B2923479300705EFD /* SceneDelegate.swift in Sources */ = {isa = PBXBuildFile; fileRef = 04A4D94A2923479300705EFD /* SceneDelegate.swift */; };
		04A4D94D2923479300705EFD /* ViewController.swift in Sources */ = {isa = PBXBuildFile; fileRef = 04A4D94C2923479300705EFD /* ViewController.swift */; };
		04A4D9502923479300705EFD /* Main.storyboard in Resources */ = {isa = PBXBuildFile; fileRef = 04A4D94E2923479300705EFD /* Main.storyboard */; };
		04A4D9522923479400705EFD /* Assets.xcassets in Resources */ = {isa = PBXBuildFile; fileRef = 04A4D9512923479400705EFD /* Assets.xcassets */; };
		04A4D9552923479400705EFD /* LaunchScreen.storyboard in Resources */ = {isa = PBXBuildFile; fileRef = 04A4D9532923479400705EFD /* LaunchScreen.storyboard */; };
		04A4D9602923479400705EFD /* This_is_itTests.swift in Sources */ = {isa = PBXBuildFile; fileRef = 04A4D95F2923479400705EFD /* This_is_itTests.swift */; };
		04A4D96A2923479400705EFD /* This_is_itUITests.swift in Sources */ = {isa = PBXBuildFile; fileRef = 04A4D9692923479400705EFD /* This_is_itUITests.swift */; };
		04A4D96C2923479400705EFD /* This_is_itUITestsLaunchTests.swift in Sources */ = {isa = PBXBuildFile; fileRef = 04A4D96B2923479400705EFD /* This_is_itUITestsLaunchTests.swift */; };
		04A4D979292544F800705EFD /* MapViewController.swift in Sources */ = {isa = PBXBuildFile; fileRef = 04A4D978292544F800705EFD /* MapViewController.swift */; };
/* End PBXBuildFile section */

/* Begin PBXContainerItemProxy section */
		04A4D95C2923479400705EFD /* PBXContainerItemProxy */ = {
			isa = PBXContainerItemProxy;
			containerPortal = 04A4D93D2923479300705EFD /* Project object */;
			proxyType = 1;
			remoteGlobalIDString = 04A4D9442923479300705EFD;
			remoteInfo = "This is it";
		};
		04A4D9662923479400705EFD /* PBXContainerItemProxy */ = {
			isa = PBXContainerItemProxy;
			containerPortal = 04A4D93D2923479300705EFD /* Project object */;
			proxyType = 1;
			remoteGlobalIDString = 04A4D9442923479300705EFD;
			remoteInfo = "This is it";
		};
/* End PBXContainerItemProxy section */

/* Begin PBXFileReference section */
		0495B3512930993D00BFC9B5 /* ContentViewController.swift */ = {isa = PBXFileReference; lastKnownFileType = sourcecode.swift; path = ContentViewController.swift; sourceTree = "<group>"; };
		04A4D9452923479300705EFD /* This is it.app */ = {isa = PBXFileReference; explicitFileType = wrapper.application; includeInIndex = 0; path = "This is it.app"; sourceTree = BUILT_PRODUCTS_DIR; };
		04A4D9482923479300705EFD /* AppDelegate.swift */ = {isa = PBXFileReference; lastKnownFileType = sourcecode.swift; path = AppDelegate.swift; sourceTree = "<group>"; };
		04A4D94A2923479300705EFD /* SceneDelegate.swift */ = {isa = PBXFileReference; lastKnownFileType = sourcecode.swift; path = SceneDelegate.swift; sourceTree = "<group>"; };
		04A4D94C2923479300705EFD /* ViewController.swift */ = {isa = PBXFileReference; lastKnownFileType = sourcecode.swift; path = ViewController.swift; sourceTree = "<group>"; };
		04A4D94F2923479300705EFD /* Base */ = {isa = PBXFileReference; lastKnownFileType = file.storyboard; name = Base; path = Base.lproj/Main.storyboard; sourceTree = "<group>"; };
		04A4D9512923479400705EFD /* Assets.xcassets */ = {isa = PBXFileReference; lastKnownFileType = folder.assetcatalog; path = Assets.xcassets; sourceTree = "<group>"; };
		04A4D9542923479400705EFD /* Base */ = {isa = PBXFileReference; lastKnownFileType = file.storyboard; name = Base; path = Base.lproj/LaunchScreen.storyboard; sourceTree = "<group>"; };
		04A4D9562923479400705EFD /* Info.plist */ = {isa = PBXFileReference; lastKnownFileType = text.plist.xml; path = Info.plist; sourceTree = "<group>"; };
		04A4D95B2923479400705EFD /* This is itTests.xctest */ = {isa = PBXFileReference; explicitFileType = wrapper.cfbundle; includeInIndex = 0; path = "This is itTests.xctest"; sourceTree = BUILT_PRODUCTS_DIR; };
		04A4D95F2923479400705EFD /* This_is_itTests.swift */ = {isa = PBXFileReference; lastKnownFileType = sourcecode.swift; path = This_is_itTests.swift; sourceTree = "<group>"; };
		04A4D9652923479400705EFD /* This is itUITests.xctest */ = {isa = PBXFileReference; explicitFileType = wrapper.cfbundle; includeInIndex = 0; path = "This is itUITests.xctest"; sourceTree = BUILT_PRODUCTS_DIR; };
		04A4D9692923479400705EFD /* This_is_itUITests.swift */ = {isa = PBXFileReference; lastKnownFileType = sourcecode.swift; path = This_is_itUITests.swift; sourceTree = "<group>"; };
		04A4D96B2923479400705EFD /* This_is_itUITestsLaunchTests.swift */ = {isa = PBXFileReference; lastKnownFileType = sourcecode.swift; path = This_is_itUITestsLaunchTests.swift; sourceTree = "<group>"; };
		04A4D978292544F800705EFD /* MapViewController.swift */ = {isa = PBXFileReference; lastKnownFileType = sourcecode.swift; path = MapViewController.swift; sourceTree = "<group>"; };
		04A4D97E292CB1DD00705EFD /* XcodeKit.framework */ = {isa = PBXFileReference; lastKnownFileType = wrapper.framework; name = XcodeKit.framework; path = Library/Frameworks/XcodeKit.framework; sourceTree = DEVELOPER_DIR; };
		04A4D97F292CB1DD00705EFD /* InterfaceBuilderKit.framework */ = {isa = PBXFileReference; lastKnownFileType = wrapper.framework; name = InterfaceBuilderKit.framework; path = Library/Frameworks/InterfaceBuilderKit.framework; sourceTree = DEVELOPER_DIR; };
		04A4D980292CB1DD00705EFD /* StoreKitTest.framework */ = {isa = PBXFileReference; lastKnownFileType = wrapper.framework; name = StoreKitTest.framework; path = Platforms/iPhoneOS.platform/Developer/Library/Frameworks/StoreKitTest.framework; sourceTree = DEVELOPER_DIR; };
		04A4D981292CB1DE00705EFD /* Python3.framework */ = {isa = PBXFileReference; lastKnownFileType = wrapper.framework; name = Python3.framework; path = Library/Frameworks/Python3.framework; sourceTree = DEVELOPER_DIR; };
		04A4D982292CB1DE00705EFD /* XCTest.framework */ = {isa = PBXFileReference; lastKnownFileType = wrapper.framework; name = XCTest.framework; path = Platforms/iPhoneOS.platform/Developer/Library/Frameworks/XCTest.framework; sourceTree = DEVELOPER_DIR; };
/* End PBXFileReference section */

/* Begin PBXFrameworksBuildPhase section */
		04A4D9422923479300705EFD /* Frameworks */ = {
			isa = PBXFrameworksBuildPhase;
			buildActionMask = 2147483647;
			files = (
				0495B3502930927B00BFC9B5 /* FloatingPanel in Frameworks */,
			);
			runOnlyForDeploymentPostprocessing = 0;
		};
		04A4D9582923479400705EFD /* Frameworks */ = {
			isa = PBXFrameworksBuildPhase;
			buildActionMask = 2147483647;
			files = (
			);
			runOnlyForDeploymentPostprocessing = 0;
		};
		04A4D9622923479400705EFD /* Frameworks */ = {
			isa = PBXFrameworksBuildPhase;
			buildActionMask = 2147483647;
			files = (
			);
			runOnlyForDeploymentPostprocessing = 0;
		};
/* End PBXFrameworksBuildPhase section */

/* Begin PBXGroup section */
		04A4D93C2923479300705EFD = {
			isa = PBXGroup;
			children = (
				04A4D9472923479300705EFD /* This is it */,
				04A4D95E2923479400705EFD /* This is itTests */,
				04A4D9682923479400705EFD /* This is itUITests */,
				04A4D9462923479300705EFD /* Products */,
				04A4D97D292CAF6700705EFD /* Frameworks */,
			);
			sourceTree = "<group>";
		};
		04A4D9462923479300705EFD /* Products */ = {
			isa = PBXGroup;
			children = (
				04A4D9452923479300705EFD /* This is it.app */,
				04A4D95B2923479400705EFD /* This is itTests.xctest */,
				04A4D9652923479400705EFD /* This is itUITests.xctest */,
			);
			name = Products;
			sourceTree = "<group>";
		};
		04A4D9472923479300705EFD /* This is it */ = {
			isa = PBXGroup;
			children = (
				04A4D9482923479300705EFD /* AppDelegate.swift */,
				04A4D94A2923479300705EFD /* SceneDelegate.swift */,
				04A4D94C2923479300705EFD /* ViewController.swift */,
				0495B3512930993D00BFC9B5 /* ContentViewController.swift */,
				04A4D94E2923479300705EFD /* Main.storyboard */,
				04A4D9512923479400705EFD /* Assets.xcassets */,
				04A4D9532923479400705EFD /* LaunchScreen.storyboard */,
				04A4D9562923479400705EFD /* Info.plist */,
				04A4D978292544F800705EFD /* MapViewController.swift */,
			);
			path = "This is it";
			sourceTree = "<group>";
		};
		04A4D95E2923479400705EFD /* This is itTests */ = {
			isa = PBXGroup;
			children = (
				04A4D95F2923479400705EFD /* This_is_itTests.swift */,
			);
			path = "This is itTests";
			sourceTree = "<group>";
		};
		04A4D9682923479400705EFD /* This is itUITests */ = {
			isa = PBXGroup;
			children = (
				04A4D9692923479400705EFD /* This_is_itUITests.swift */,
				04A4D96B2923479400705EFD /* This_is_itUITestsLaunchTests.swift */,
			);
			path = "This is itUITests";
			sourceTree = "<group>";
		};
		04A4D97D292CAF6700705EFD /* Frameworks */ = {
			isa = PBXGroup;
			children = (
				04A4D97F292CB1DD00705EFD /* InterfaceBuilderKit.framework */,
				04A4D981292CB1DE00705EFD /* Python3.framework */,
				04A4D980292CB1DD00705EFD /* StoreKitTest.framework */,
				04A4D97E292CB1DD00705EFD /* XcodeKit.framework */,
				04A4D982292CB1DE00705EFD /* XCTest.framework */,
			);
			name = Frameworks;
			sourceTree = "<group>";
		};
/* End PBXGroup section */

/* Begin PBXNativeTarget section */
		04A4D9442923479300705EFD /* This is it */ = {
			isa = PBXNativeTarget;
			buildConfigurationList = 04A4D96F2923479400705EFD /* Build configuration list for PBXNativeTarget "This is it" */;
			buildPhases = (
				04A4D9412923479300705EFD /* Sources */,
				04A4D9422923479300705EFD /* Frameworks */,
				04A4D9432923479300705EFD /* Resources */,
			);
			buildRules = (
			);
			dependencies = (
			);
			name = "This is it";
			packageProductDependencies = (
				0495B34F2930927B00BFC9B5 /* FloatingPanel */,
			);
			productName = "This is it";
			productReference = 04A4D9452923479300705EFD /* This is it.app */;
			productType = "com.apple.product-type.application";
		};
		04A4D95A2923479400705EFD /* This is itTests */ = {
			isa = PBXNativeTarget;
			buildConfigurationList = 04A4D9722923479400705EFD /* Build configuration list for PBXNativeTarget "This is itTests" */;
			buildPhases = (
				04A4D9572923479400705EFD /* Sources */,
				04A4D9582923479400705EFD /* Frameworks */,
				04A4D9592923479400705EFD /* Resources */,
			);
			buildRules = (
			);
			dependencies = (
				04A4D95D2923479400705EFD /* PBXTargetDependency */,
			);
			name = "This is itTests";
			productName = "This is itTests";
			productReference = 04A4D95B2923479400705EFD /* This is itTests.xctest */;
			productType = "com.apple.product-type.bundle.unit-test";
		};
		04A4D9642923479400705EFD /* This is itUITests */ = {
			isa = PBXNativeTarget;
			buildConfigurationList = 04A4D9752923479400705EFD /* Build configuration list for PBXNativeTarget "This is itUITests" */;
			buildPhases = (
				04A4D9612923479400705EFD /* Sources */,
				04A4D9622923479400705EFD /* Frameworks */,
				04A4D9632923479400705EFD /* Resources */,
			);
			buildRules = (
			);
			dependencies = (
				04A4D9672923479400705EFD /* PBXTargetDependency */,
			);
			name = "This is itUITests";
			productName = "This is itUITests";
			productReference = 04A4D9652923479400705EFD /* This is itUITests.xctest */;
			productType = "com.apple.product-type.bundle.ui-testing";
		};
/* End PBXNativeTarget section */

/* Begin PBXProject section */
		04A4D93D2923479300705EFD /* Project object */ = {
			isa = PBXProject;
			attributes = {
				BuildIndependentTargetsInParallel = 1;
				LastSwiftUpdateCheck = 1410;
				LastUpgradeCheck = 1410;
				TargetAttributes = {
					04A4D9442923479300705EFD = {
						CreatedOnToolsVersion = 14.1;
					};
					04A4D95A2923479400705EFD = {
						CreatedOnToolsVersion = 14.1;
						TestTargetID = 04A4D9442923479300705EFD;
					};
					04A4D9642923479400705EFD = {
						CreatedOnToolsVersion = 14.1;
						TestTargetID = 04A4D9442923479300705EFD;
					};
				};
			};
			buildConfigurationList = 04A4D9402923479300705EFD /* Build configuration list for PBXProject "This is it" */;
			compatibilityVersion = "Xcode 14.0";
			developmentRegion = en;
			hasScannedForEncodings = 0;
			knownRegions = (
				en,
				Base,
			);
			mainGroup = 04A4D93C2923479300705EFD;
			packageReferences = (
				0495B34E2930927B00BFC9B5 /* XCRemoteSwiftPackageReference "FloatingPanel" */,
			);
			productRefGroup = 04A4D9462923479300705EFD /* Products */;
			projectDirPath = "";
			projectRoot = "";
			targets = (
				04A4D9442923479300705EFD /* This is it */,
				04A4D95A2923479400705EFD /* This is itTests */,
				04A4D9642923479400705EFD /* This is itUITests */,
			);
		};
/* End PBXProject section */

/* Begin PBXResourcesBuildPhase section */
		04A4D9432923479300705EFD /* Resources */ = {
			isa = PBXResourcesBuildPhase;
			buildActionMask = 2147483647;
			files = (
				04A4D9552923479400705EFD /* LaunchScreen.storyboard in Resources */,
				04A4D9522923479400705EFD /* Assets.xcassets in Resources */,
				04A4D9502923479300705EFD /* Main.storyboard in Resources */,
			);
			runOnlyForDeploymentPostprocessing = 0;
		};
		04A4D9592923479400705EFD /* Resources */ = {
			isa = PBXResourcesBuildPhase;
			buildActionMask = 2147483647;
			files = (
			);
			runOnlyForDeploymentPostprocessing = 0;
		};
		04A4D9632923479400705EFD /* Resources */ = {
			isa = PBXResourcesBuildPhase;
			buildActionMask = 2147483647;
			files = (
			);
			runOnlyForDeploymentPostprocessing = 0;
		};
/* End PBXResourcesBuildPhase section */

/* Begin PBXSourcesBuildPhase section */
		04A4D9412923479300705EFD /* Sources */ = {
			isa = PBXSourcesBuildPhase;
			buildActionMask = 2147483647;
			files = (
				04A4D94D2923479300705EFD /* ViewController.swift in Sources */,
				04A4D9492923479300705EFD /* AppDelegate.swift in Sources */,
				04A4D94B2923479300705EFD /* SceneDelegate.swift in Sources */,
				0495B3522930993D00BFC9B5 /* ContentViewController.swift in Sources */,
				04A4D979292544F800705EFD /* MapViewController.swift in Sources */,
			);
			runOnlyForDeploymentPostprocessing = 0;
		};
		04A4D9572923479400705EFD /* Sources */ = {
			isa = PBXSourcesBuildPhase;
			buildActionMask = 2147483647;
			files = (
				04A4D9602923479400705EFD /* This_is_itTests.swift in Sources */,
			);
			runOnlyForDeploymentPostprocessing = 0;
		};
		04A4D9612923479400705EFD /* Sources */ = {
			isa = PBXSourcesBuildPhase;
			buildActionMask = 2147483647;
			files = (
				04A4D96A2923479400705EFD /* This_is_itUITests.swift in Sources */,
				04A4D96C2923479400705EFD /* This_is_itUITestsLaunchTests.swift in Sources */,
			);
			runOnlyForDeploymentPostprocessing = 0;
		};
/* End PBXSourcesBuildPhase section */

/* Begin PBXTargetDependency section */
		04A4D95D2923479400705EFD /* PBXTargetDependency */ = {
			isa = PBXTargetDependency;
			target = 04A4D9442923479300705EFD /* This is it */;
			targetProxy = 04A4D95C2923479400705EFD /* PBXContainerItemProxy */;
		};
		04A4D9672923479400705EFD /* PBXTargetDependency */ = {
			isa = PBXTargetDependency;
			target = 04A4D9442923479300705EFD /* This is it */;
			targetProxy = 04A4D9662923479400705EFD /* PBXContainerItemProxy */;
		};
/* End PBXTargetDependency section */

/* Begin PBXVariantGroup section */
		04A4D94E2923479300705EFD /* Main.storyboard */ = {
			isa = PBXVariantGroup;
			children = (
				04A4D94F2923479300705EFD /* Base */,
			);
			name = Main.storyboard;
			sourceTree = "<group>";
		};
		04A4D9532923479400705EFD /* LaunchScreen.storyboard */ = {
			isa = PBXVariantGroup;
			children = (
				04A4D9542923479400705EFD /* Base */,
			);
			name = LaunchScreen.storyboard;
			sourceTree = "<group>";
		};
/* End PBXVariantGroup section */

/* Begin XCBuildConfiguration section */
		04A4D96D2923479400705EFD /* Debug */ = {
			isa = XCBuildConfiguration;
			buildSettings = {
				ALWAYS_SEARCH_USER_PATHS = NO;
				CLANG_ANALYZER_NONNULL = YES;
				CLANG_ANALYZER_NUMBER_OBJECT_CONVERSION = YES_AGGRESSIVE;
				CLANG_CXX_LANGUAGE_STANDARD = "gnu++20";
				CLANG_ENABLE_MODULES = YES;
				CLANG_ENABLE_OBJC_ARC = YES;
				CLANG_ENABLE_OBJC_WEAK = YES;
				CLANG_WARN_BLOCK_CAPTURE_AUTORELEASING = YES;
				CLANG_WARN_BOOL_CONVERSION = YES;
				CLANG_WARN_COMMA = YES;
				CLANG_WARN_CONSTANT_CONVERSION = YES;
				CLANG_WARN_DEPRECATED_OBJC_IMPLEMENTATIONS = YES;
				CLANG_WARN_DIRECT_OBJC_ISA_USAGE = YES_ERROR;
				CLANG_WARN_DOCUMENTATION_COMMENTS = YES;
				CLANG_WARN_EMPTY_BODY = YES;
				CLANG_WARN_ENUM_CONVERSION = YES;
				CLANG_WARN_INFINITE_RECURSION = YES;
				CLANG_WARN_INT_CONVERSION = YES;
				CLANG_WARN_NON_LITERAL_NULL_CONVERSION = YES;
				CLANG_WARN_OBJC_IMPLICIT_RETAIN_SELF = YES;
				CLANG_WARN_OBJC_LITERAL_CONVERSION = YES;
				CLANG_WARN_OBJC_ROOT_CLASS = YES_ERROR;
				CLANG_WARN_QUOTED_INCLUDE_IN_FRAMEWORK_HEADER = YES;
				CLANG_WARN_RANGE_LOOP_ANALYSIS = YES;
				CLANG_WARN_STRICT_PROTOTYPES = YES;
				CLANG_WARN_SUSPICIOUS_MOVE = YES;
				CLANG_WARN_UNGUARDED_AVAILABILITY = YES_AGGRESSIVE;
				CLANG_WARN_UNREACHABLE_CODE = YES;
				CLANG_WARN__DUPLICATE_METHOD_MATCH = YES;
				COPY_PHASE_STRIP = NO;
				DEBUG_INFORMATION_FORMAT = dwarf;
				ENABLE_STRICT_OBJC_MSGSEND = YES;
				ENABLE_TESTABILITY = YES;
				GCC_C_LANGUAGE_STANDARD = gnu11;
				GCC_DYNAMIC_NO_PIC = NO;
				GCC_NO_COMMON_BLOCKS = YES;
				GCC_OPTIMIZATION_LEVEL = 0;
				GCC_PREPROCESSOR_DEFINITIONS = (
					"DEBUG=1",
					"$(inherited)",
				);
				GCC_WARN_64_TO_32_BIT_CONVERSION = YES;
				GCC_WARN_ABOUT_RETURN_TYPE = YES_ERROR;
				GCC_WARN_UNDECLARED_SELECTOR = YES;
				GCC_WARN_UNINITIALIZED_AUTOS = YES_AGGRESSIVE;
				GCC_WARN_UNUSED_FUNCTION = YES;
				GCC_WARN_UNUSED_VARIABLE = YES;
				IPHONEOS_DEPLOYMENT_TARGET = 16.0;
				MTL_ENABLE_DEBUG_INFO = INCLUDE_SOURCE;
				MTL_FAST_MATH = YES;
				ONLY_ACTIVE_ARCH = YES;
				SDKROOT = iphoneos;
				SWIFT_ACTIVE_COMPILATION_CONDITIONS = DEBUG;
				SWIFT_OPTIMIZATION_LEVEL = "-Onone";
			};
			name = Debug;
		};
		04A4D96E2923479400705EFD /* Release */ = {
			isa = XCBuildConfiguration;
			buildSettings = {
				ALWAYS_SEARCH_USER_PATHS = NO;
				CLANG_ANALYZER_NONNULL = YES;
				CLANG_ANALYZER_NUMBER_OBJECT_CONVERSION = YES_AGGRESSIVE;
				CLANG_CXX_LANGUAGE_STANDARD = "gnu++20";
				CLANG_ENABLE_MODULES = YES;
				CLANG_ENABLE_OBJC_ARC = YES;
				CLANG_ENABLE_OBJC_WEAK = YES;
				CLANG_WARN_BLOCK_CAPTURE_AUTORELEASING = YES;
				CLANG_WARN_BOOL_CONVERSION = YES;
				CLANG_WARN_COMMA = YES;
				CLANG_WARN_CONSTANT_CONVERSION = YES;
				CLANG_WARN_DEPRECATED_OBJC_IMPLEMENTATIONS = YES;
				CLANG_WARN_DIRECT_OBJC_ISA_USAGE = YES_ERROR;
				CLANG_WARN_DOCUMENTATION_COMMENTS = YES;
				CLANG_WARN_EMPTY_BODY = YES;
				CLANG_WARN_ENUM_CONVERSION = YES;
				CLANG_WARN_INFINITE_RECURSION = YES;
				CLANG_WARN_INT_CONVERSION = YES;
				CLANG_WARN_NON_LITERAL_NULL_CONVERSION = YES;
				CLANG_WARN_OBJC_IMPLICIT_RETAIN_SELF = YES;
				CLANG_WARN_OBJC_LITERAL_CONVERSION = YES;
				CLANG_WARN_OBJC_ROOT_CLASS = YES_ERROR;
				CLANG_WARN_QUOTED_INCLUDE_IN_FRAMEWORK_HEADER = YES;
				CLANG_WARN_RANGE_LOOP_ANALYSIS = YES;
				CLANG_WARN_STRICT_PROTOTYPES = YES;
				CLANG_WARN_SUSPICIOUS_MOVE = YES;
				CLANG_WARN_UNGUARDED_AVAILABILITY = YES_AGGRESSIVE;
				CLANG_WARN_UNREACHABLE_CODE = YES;
				CLANG_WARN__DUPLICATE_METHOD_MATCH = YES;
				COPY_PHASE_STRIP = NO;
				DEBUG_INFORMATION_FORMAT = "dwarf-with-dsym";
				ENABLE_NS_ASSERTIONS = NO;
				ENABLE_STRICT_OBJC_MSGSEND = YES;
				GCC_C_LANGUAGE_STANDARD = gnu11;
				GCC_NO_COMMON_BLOCKS = YES;
				GCC_WARN_64_TO_32_BIT_CONVERSION = YES;
				GCC_WARN_ABOUT_RETURN_TYPE = YES_ERROR;
				GCC_WARN_UNDECLARED_SELECTOR = YES;
				GCC_WARN_UNINITIALIZED_AUTOS = YES_AGGRESSIVE;
				GCC_WARN_UNUSED_FUNCTION = YES;
				GCC_WARN_UNUSED_VARIABLE = YES;
				IPHONEOS_DEPLOYMENT_TARGET = 16.0;
				MTL_ENABLE_DEBUG_INFO = NO;
				MTL_FAST_MATH = YES;
				SDKROOT = iphoneos;
				SWIFT_COMPILATION_MODE = wholemodule;
				SWIFT_OPTIMIZATION_LEVEL = "-O";
				VALIDATE_PRODUCT = YES;
			};
			name = Release;
		};
		04A4D9702923479400705EFD /* Debug */ = {
			isa = XCBuildConfiguration;
			buildSettings = {
				ASSETCATALOG_COMPILER_APPICON_NAME = AppIcon;
				ASSETCATALOG_COMPILER_GLOBAL_ACCENT_COLOR_NAME = AccentColor;
				CODE_SIGN_STYLE = Automatic;
				CURRENT_PROJECT_VERSION = 1;
				DEVELOPMENT_TEAM = 5BZ8596W57;
				GENERATE_INFOPLIST_FILE = YES;
				INFOPLIST_FILE = "This is it/Info.plist";
				INFOPLIST_KEY_UIApplicationSupportsIndirectInputEvents = YES;
				INFOPLIST_KEY_UILaunchStoryboardName = LaunchScreen;
				INFOPLIST_KEY_UIMainStoryboardFile = Main;
				INFOPLIST_KEY_UISupportedInterfaceOrientations_iPad = "UIInterfaceOrientationPortrait UIInterfaceOrientationPortraitUpsideDown UIInterfaceOrientationLandscapeLeft UIInterfaceOrientationLandscapeRight";
				INFOPLIST_KEY_UISupportedInterfaceOrientations_iPhone = "UIInterfaceOrientationPortrait UIInterfaceOrientationLandscapeLeft UIInterfaceOrientationLandscapeRight";
				LD_RUNPATH_SEARCH_PATHS = (
					"$(inherited)",
					"@executable_path/Frameworks",
				);
				MARKETING_VERSION = 1.0;
				PRODUCT_BUNDLE_IDENTIFIER = "jacksonlemere.This-is-it";
				PRODUCT_NAME = "$(TARGET_NAME)";
				SWIFT_EMIT_LOC_STRINGS = YES;
				SWIFT_VERSION = 5.0;
				TARGETED_DEVICE_FAMILY = "1,2";
			};
			name = Debug;
		};
		04A4D9712923479400705EFD /* Release */ = {
			isa = XCBuildConfiguration;
			buildSettings = {
				ASSETCATALOG_COMPILER_APPICON_NAME = AppIcon;
				ASSETCATALOG_COMPILER_GLOBAL_ACCENT_COLOR_NAME = AccentColor;
				CODE_SIGN_STYLE = Automatic;
				CURRENT_PROJECT_VERSION = 1;
				DEVELOPMENT_TEAM = 5BZ8596W57;
				GENERATE_INFOPLIST_FILE = YES;
				INFOPLIST_FILE = "This is it/Info.plist";
				INFOPLIST_KEY_UIApplicationSupportsIndirectInputEvents = YES;
				INFOPLIST_KEY_UILaunchStoryboardName = LaunchScreen;
				INFOPLIST_KEY_UIMainStoryboardFile = Main;
				INFOPLIST_KEY_UISupportedInterfaceOrientations_iPad = "UIInterfaceOrientationPortrait UIInterfaceOrientationPortraitUpsideDown UIInterfaceOrientationLandscapeLeft UIInterfaceOrientationLandscapeRight";
				INFOPLIST_KEY_UISupportedInterfaceOrientations_iPhone = "UIInterfaceOrientationPortrait UIInterfaceOrientationLandscapeLeft UIInterfaceOrientationLandscapeRight";
				LD_RUNPATH_SEARCH_PATHS = (
					"$(inherited)",
					"@executable_path/Frameworks",
				);
				MARKETING_VERSION = 1.0;
				PRODUCT_BUNDLE_IDENTIFIER = "jacksonlemere.This-is-it";
				PRODUCT_NAME = "$(TARGET_NAME)";
				SWIFT_EMIT_LOC_STRINGS = YES;
				SWIFT_VERSION = 5.0;
				TARGETED_DEVICE_FAMILY = "1,2";
			};
			name = Release;
		};
		04A4D9732923479400705EFD /* Debug */ = {
			isa = XCBuildConfiguration;
			buildSettings = {
				ALWAYS_EMBED_SWIFT_STANDARD_LIBRARIES = YES;
				BUNDLE_LOADER = "$(TEST_HOST)";
				CODE_SIGN_STYLE = Automatic;
				CURRENT_PROJECT_VERSION = 1;
				DEVELOPMENT_TEAM = 5BZ8596W57;
				GENERATE_INFOPLIST_FILE = YES;
				IPHONEOS_DEPLOYMENT_TARGET = 16.1;
				MARKETING_VERSION = 1.0;
				PRODUCT_BUNDLE_IDENTIFIER = "jacksonlemere.This-is-itTests";
				PRODUCT_NAME = "$(TARGET_NAME)";
				SWIFT_EMIT_LOC_STRINGS = NO;
				SWIFT_VERSION = 5.0;
				TARGETED_DEVICE_FAMILY = "1,2";
				TEST_HOST = "$(BUILT_PRODUCTS_DIR)/This is it.app/$(BUNDLE_EXECUTABLE_FOLDER_PATH)/This is it";
			};
			name = Debug;
		};
		04A4D9742923479400705EFD /* Release */ = {
			isa = XCBuildConfiguration;
			buildSettings = {
				ALWAYS_EMBED_SWIFT_STANDARD_LIBRARIES = YES;
				BUNDLE_LOADER = "$(TEST_HOST)";
				CODE_SIGN_STYLE = Automatic;
				CURRENT_PROJECT_VERSION = 1;
				DEVELOPMENT_TEAM = 5BZ8596W57;
				GENERATE_INFOPLIST_FILE = YES;
				IPHONEOS_DEPLOYMENT_TARGET = 16.1;
				MARKETING_VERSION = 1.0;
				PRODUCT_BUNDLE_IDENTIFIER = "jacksonlemere.This-is-itTests";
				PRODUCT_NAME = "$(TARGET_NAME)";
				SWIFT_EMIT_LOC_STRINGS = NO;
				SWIFT_VERSION = 5.0;
				TARGETED_DEVICE_FAMILY = "1,2";
				TEST_HOST = "$(BUILT_PRODUCTS_DIR)/This is it.app/$(BUNDLE_EXECUTABLE_FOLDER_PATH)/This is it";
			};
			name = Release;
		};
		04A4D9762923479400705EFD /* Debug */ = {
			isa = XCBuildConfiguration;
			buildSettings = {
				ALWAYS_EMBED_SWIFT_STANDARD_LIBRARIES = YES;
				CODE_SIGN_STYLE = Automatic;
				CURRENT_PROJECT_VERSION = 1;
				DEVELOPMENT_TEAM = 5BZ8596W57;
				GENERATE_INFOPLIST_FILE = YES;
				MARKETING_VERSION = 1.0;
				PRODUCT_BUNDLE_IDENTIFIER = "jacksonlemere.This-is-itUITests";
				PRODUCT_NAME = "$(TARGET_NAME)";
				SWIFT_EMIT_LOC_STRINGS = NO;
				SWIFT_VERSION = 5.0;
				TARGETED_DEVICE_FAMILY = "1,2";
				TEST_TARGET_NAME = "This is it";
			};
			name = Debug;
		};
		04A4D9772923479400705EFD /* Release */ = {
			isa = XCBuildConfiguration;
			buildSettings = {
				ALWAYS_EMBED_SWIFT_STANDARD_LIBRARIES = YES;
				CODE_SIGN_STYLE = Automatic;
				CURRENT_PROJECT_VERSION = 1;
				DEVELOPMENT_TEAM = 5BZ8596W57;
				GENERATE_INFOPLIST_FILE = YES;
				MARKETING_VERSION = 1.0;
				PRODUCT_BUNDLE_IDENTIFIER = "jacksonlemere.This-is-itUITests";
				PRODUCT_NAME = "$(TARGET_NAME)";
				SWIFT_EMIT_LOC_STRINGS = NO;
				SWIFT_VERSION = 5.0;
				TARGETED_DEVICE_FAMILY = "1,2";
				TEST_TARGET_NAME = "This is it";
			};
			name = Release;
		};
/* End XCBuildConfiguration section */

/* Begin XCConfigurationList section */
		04A4D9402923479300705EFD /* Build configuration list for PBXProject "This is it" */ = {
			isa = XCConfigurationList;
			buildConfigurations = (
				04A4D96D2923479400705EFD /* Debug */,
				04A4D96E2923479400705EFD /* Release */,
			);
			defaultConfigurationIsVisible = 0;
			defaultConfigurationName = Release;
		};
		04A4D96F2923479400705EFD /* Build configuration list for PBXNativeTarget "This is it" */ = {
			isa = XCConfigurationList;
			buildConfigurations = (
				04A4D9702923479400705EFD /* Debug */,
				04A4D9712923479400705EFD /* Release */,
			);
			defaultConfigurationIsVisible = 0;
			defaultConfigurationName = Release;
		};
		04A4D9722923479400705EFD /* Build configuration list for PBXNativeTarget "This is itTests" */ = {
			isa = XCConfigurationList;
			buildConfigurations = (
				04A4D9732923479400705EFD /* Debug */,
				04A4D9742923479400705EFD /* Release */,
			);
			defaultConfigurationIsVisible = 0;
			defaultConfigurationName = Release;
		};
		04A4D9752923479400705EFD /* Build configuration list for PBXNativeTarget "This is itUITests" */ = {
			isa = XCConfigurationList;
			buildConfigurations = (
				04A4D9762923479400705EFD /* Debug */,
				04A4D9772923479400705EFD /* Release */,
			);
			defaultConfigurationIsVisible = 0;
			defaultConfigurationName = Release;
		};
/* End XCConfigurationList section */

/* Begin XCRemoteSwiftPackageReference section */
		0495B34E2930927B00BFC9B5 /* XCRemoteSwiftPackageReference "FloatingPanel" */ = {
			isa = XCRemoteSwiftPackageReference;
			repositoryURL = "https://github.com/scenee/FloatingPanel.git";
			requirement = {
				kind = upToNextMajorVersion;
				minimumVersion = 2.0.0;
			};
		};
/* End XCRemoteSwiftPackageReference section */

/* Begin XCSwiftPackageProductDependency section */
		0495B34F2930927B00BFC9B5 /* FloatingPanel */ = {
			isa = XCSwiftPackageProductDependency;
			package = 0495B34E2930927B00BFC9B5 /* XCRemoteSwiftPackageReference "FloatingPanel" */;
			productName = FloatingPanel;
		};
/* End XCSwiftPackageProductDependency section */
	};
	rootObject = 04A4D93D2923479300705EFD /* Project object */;
}
